
Microsoft Visual Studio Solution File, Format Version 12.00
# Visual Studio Version 17
VisualStudioVersion = 17.6.33723.286
MinimumVisualStudioVersion = 10.0.40219.1
Project("{FAE04EC0-301F-11D3-BF4B-00C04F79EFBC}") = "BOADACLI1.0.2", "BOADACLI1.0.2\BOADACLI1.0.2.csproj", "{867B64C7-CCC0-4628-9B0D-968778098408}"
EndProject
Global
	GlobalSection(SolutionConfigurationPlatforms) = preSolution
		Debug|Any CPU = Debug|Any CPU
		Release|Any CPU = Release|Any CPU
	EndGlobalSection
	GlobalSection(ProjectConfigurationPlatforms) = postSolution
		{867B64C7-CCC0-4628-9B0D-968778098408}.Debug|Any CPU.ActiveCfg = Debug|Any CPU
		{867B64C7-CCC0-4628-9B0D-968778098408}.Debug|Any CPU.Build.0 = Debug|Any CPU
		{867B64C7-CCC0-4628-9B0D-968778098408}.Release|Any CPU.ActiveCfg = Release|Any CPU
		{867B64C7-CCC0-4628-9B0D-968778098408}.Release|Any CPU.Build.0 = Release|Any CPU
	EndGlobalSection
	GlobalSection(SolutionProperties) = preSolution
		HideSolutionNode = FALSE
	EndGlobalSection
	GlobalSection(ExtensibilityGlobals) = postSolution
		SolutionGuid = {6EE73505-B928-4301-83ED-6C48084004C0}
	EndGlobalSection
EndGlobal
